
Microsoft Visual Studio Solution File, Format Version 12.00
# Visual Studio 15
VisualStudioVersion = 15.0.28307.329
MinimumVisualStudioVersion = 10.0.40219.1
Project("{9A19103F-16F7-4668-BE54-9A1E7A4F7556}") = "SportsStore", "SportsStore\SportsStore.csproj", "{A556D2F3-99CC-45AE-A9EB-24EFA31DFD39}"
EndProject
Project("{FAE04EC0-301F-11D3-BF4B-00C04F79EFBC}") = "SportsStoreTest", "SportsStoreTest\SportsStoreTest.csproj", "{6FCEE8A1-8B24-453A-814C-3AE4ED21A9B3}"
EndProject
Global
	GlobalSection(SolutionConfigurationPlatforms) = preSolution
		Debug|Any CPU = Debug|Any CPU
		Release|Any CPU = Release|Any CPU
	EndGlobalSection
	GlobalSection(ProjectConfigurationPlatforms) = postSolution
		{A556D2F3-99CC-45AE-A9EB-24EFA31DFD39}.Debug|Any CPU.ActiveCfg = Debug|Any CPU
		{A556D2F3-99CC-45AE-A9EB-24EFA31DFD39}.Debug|Any CPU.Build.0 = Debug|Any CPU
		{A556D2F3-99CC-45AE-A9EB-24EFA31DFD39}.Release|Any CPU.ActiveCfg = Release|Any CPU
		{A556D2F3-99CC-45AE-A9EB-24EFA31DFD39}.Release|Any CPU.Build.0 = Release|Any CPU
		{6FCEE8A1-8B24-453A-814C-3AE4ED21A9B3}.Debug|Any CPU.ActiveCfg = Debug|Any CPU
		{6FCEE8A1-8B24-453A-814C-3AE4ED21A9B3}.Debug|Any CPU.Build.0 = Debug|Any CPU
		{6FCEE8A1-8B24-453A-814C-3AE4ED21A9B3}.Release|Any CPU.ActiveCfg = Release|Any CPU
		{6FCEE8A1-8B24-453A-814C-3AE4ED21A9B3}.Release|Any CPU.Build.0 = Release|Any CPU
	EndGlobalSection
	GlobalSection(SolutionProperties) = preSolution
		HideSolutionNode = FALSE
	EndGlobalSection
	GlobalSection(ExtensibilityGlobals) = postSolution
		SolutionGuid = {3A73D1F9-E9BE-4796-9A55-0C40354D15FC}
	EndGlobalSection
EndGlobal
